// !$*UTF8*$!
{
	archiveVersion = 1;
	classes = {
	};
	objectVersion = 55;
	objects = {

/* Begin PBXBuildFile section */
		CEAFB5C0281B4BA4002BCD4D /* bubbles.mp3 in Resources */ = {isa = PBXBuildFile; fileRef = CEAFB5BD281B4BA4002BCD4D /* bubbles.mp3 */; };
		CEAFB5C1281B4BA4002BCD4D /* bestPouring.mp3 in Resources */ = {isa = PBXBuildFile; fileRef = CEAFB5BE281B4BA4002BCD4D /* bestPouring.mp3 */; };
		CEAFB5C2281B4BA4002BCD4D /* bulb.mp3 in Resources */ = {isa = PBXBuildFile; fileRef = CEAFB5BF281B4BA4002BCD4D /* bulb.mp3 */; };
		CEAFB5C7281B4FDD002BCD4D /* gameStart.mp3 in Resources */ = {isa = PBXBuildFile; fileRef = CEAFB5C6281B4FDD002BCD4D /* gameStart.mp3 */; };
		CEAFB5C9281B569B002BCD4D /* beerMiss.mp3 in Resources */ = {isa = PBXBuildFile; fileRef = CEAFB5C8281B569B002BCD4D /* beerMiss.mp3 */; };
		CEAFB5CB281B58C8002BCD4D /* pouringOut.mp3 in Resources */ = {isa = PBXBuildFile; fileRef = CEAFB5CA281B58C8002BCD4D /* pouringOut.mp3 */; };
		CEEF4A9D281AC34100B11E3B /* InfoPageRus.swift in Sources */ = {isa = PBXBuildFile; fileRef = CEEF4A9C281AC34100B11E3B /* InfoPageRus.swift */; };
		CEEF4A9F281AC35300B11E3B /* InfoPage.swift in Sources */ = {isa = PBXBuildFile; fileRef = CEEF4A9E281AC35300B11E3B /* InfoPage.swift */; };
		CEEF4AA1281AC35B00B11E3B /* ImpactApp.swift in Sources */ = {isa = PBXBuildFile; fileRef = CEEF4AA0281AC35B00B11E3B /* ImpactApp.swift */; };
		CEEF4AA3281AC36D00B11E3B /* WebView.swift in Sources */ = {isa = PBXBuildFile; fileRef = CEEF4AA2281AC36D00B11E3B /* WebView.swift */; };
		CEEF4ABB281B286E00B11E3B /* Subsonic in Frameworks */ = {isa = PBXBuildFile; productRef = CEEF4ABA281B286E00B11E3B /* Subsonic */; };
		CEEF4ABD281B2FB500B11E3B /* running45s.mp3 in Resources */ = {isa = PBXBuildFile; fileRef = CEEF4ABC281B2FB500B11E3B /* running45s.mp3 */; };
		D13727B12817E5D900A64C70 /* DuoGame.swift in Sources */ = {isa = PBXBuildFile; fileRef = D13727B02817E5D900A64C70 /* DuoGame.swift */; };
		D13727B32817E5DB00A64C70 /* Assets.xcassets in Resources */ = {isa = PBXBuildFile; fileRef = D13727B22817E5DB00A64C70 /* Assets.xcassets */; };
		D13727B62817E5DB00A64C70 /* Preview Assets.xcassets in Resources */ = {isa = PBXBuildFile; fileRef = D13727B52817E5DB00A64C70 /* Preview Assets.xcassets */; };
		D188578F2819690E00F9588D /* SoloGame.swift in Sources */ = {isa = PBXBuildFile; fileRef = D188578E2819690E00F9588D /* SoloGame.swift */; };
		D18A6151281821DA00A4233D /* Launch Screen.storyboard in Resources */ = {isa = PBXBuildFile; fileRef = D18A6150281821DA00A4233D /* Launch Screen.storyboard */; };
		D18A61532818220D00A4233D /* StartPage.swift in Sources */ = {isa = PBXBuildFile; fileRef = D18A61522818220D00A4233D /* StartPage.swift */; };
/* End PBXBuildFile section */

/* Begin PBXFileReference section */
		CEAFB5BD281B4BA4002BCD4D /* bubbles.mp3 */ = {isa = PBXFileReference; lastKnownFileType = audio.mp3; name = bubbles.mp3; path = ../../../../../bubbles.mp3; sourceTree = "<group>"; };
		CEAFB5BE281B4BA4002BCD4D /* bestPouring.mp3 */ = {isa = PBXFileReference; lastKnownFileType = audio.mp3; name = bestPouring.mp3; path = ../../../../../bestPouring.mp3; sourceTree = "<group>"; };
		CEAFB5BF281B4BA4002BCD4D /* bulb.mp3 */ = {isa = PBXFileReference; lastKnownFileType = audio.mp3; name = bulb.mp3; path = ../../../../../bulb.mp3; sourceTree = "<group>"; };
		CEAFB5C6281B4FDD002BCD4D /* gameStart.mp3 */ = {isa = PBXFileReference; lastKnownFileType = audio.mp3; name = gameStart.mp3; path = ../../../../../../Documents/gameStart.mp3; sourceTree = "<group>"; };
		CEAFB5C8281B569B002BCD4D /* beerMiss.mp3 */ = {isa = PBXFileReference; lastKnownFileType = audio.mp3; name = beerMiss.mp3; path = ../../../../../../Downloads/beerMiss.mp3; sourceTree = "<group>"; };
		CEAFB5CA281B58C8002BCD4D /* pouringOut.mp3 */ = {isa = PBXFileReference; lastKnownFileType = audio.mp3; name = pouringOut.mp3; path = ../../../../../../Downloads/pouringOut.mp3; sourceTree = "<group>"; };
		CEEF4A9C281AC34100B11E3B /* InfoPageRus.swift */ = {isa = PBXFileReference; fileEncoding = 4; lastKnownFileType = sourcecode.swift; name = InfoPageRus.swift; path = ../../../InfoPageRus.swift; sourceTree = "<group>"; };
		CEEF4A9E281AC35300B11E3B /* InfoPage.swift */ = {isa = PBXFileReference; fileEncoding = 4; lastKnownFileType = sourcecode.swift; name = InfoPage.swift; path = ../../../InfoPage.swift; sourceTree = "<group>"; };
		CEEF4AA0281AC35B00B11E3B /* ImpactApp.swift */ = {isa = PBXFileReference; fileEncoding = 4; lastKnownFileType = sourcecode.swift; name = ImpactApp.swift; path = ../../../ImpactApp.swift; sourceTree = "<group>"; };
		CEEF4AA2281AC36D00B11E3B /* WebView.swift */ = {isa = PBXFileReference; fileEncoding = 4; lastKnownFileType = sourcecode.swift; name = WebView.swift; path = ../../../WebView.swift; sourceTree = "<group>"; };
		CEEF4ABC281B2FB500B11E3B /* running45s.mp3 */ = {isa = PBXFileReference; lastKnownFileType = audio.mp3; name = running45s.mp3; path = ../../../../../../Documents/running45s.mp3; sourceTree = "<group>"; };
		D13727AB2817E5D900A64C70 /* Beer-o-Meter.app */ = {isa = PBXFileReference; explicitFileType = wrapper.application; includeInIndex = 0; path = "Beer-o-Meter.app"; sourceTree = BUILT_PRODUCTS_DIR; };
		D13727B02817E5D900A64C70 /* DuoGame.swift */ = {isa = PBXFileReference; lastKnownFileType = sourcecode.swift; path = DuoGame.swift; sourceTree = "<group>"; };
		D13727B22817E5DB00A64C70 /* Assets.xcassets */ = {isa = PBXFileReference; lastKnownFileType = folder.assetcatalog; path = Assets.xcassets; sourceTree = "<group>"; };
		D13727B52817E5DB00A64C70 /* Preview Assets.xcassets */ = {isa = PBXFileReference; lastKnownFileType = folder.assetcatalog; path = "Preview Assets.xcassets"; sourceTree = "<group>"; };
		D188578E2819690E00F9588D /* SoloGame.swift */ = {isa = PBXFileReference; lastKnownFileType = sourcecode.swift; path = SoloGame.swift; sourceTree = "<group>"; };
		D18A6150281821DA00A4233D /* Launch Screen.storyboard */ = {isa = PBXFileReference; lastKnownFileType = file.storyboard; path = "Launch Screen.storyboard"; sourceTree = "<group>"; };
		D18A61522818220D00A4233D /* StartPage.swift */ = {isa = PBXFileReference; lastKnownFileType = sourcecode.swift; path = StartPage.swift; sourceTree = "<group>"; };
/* End PBXFileReference section */

/* Begin PBXFrameworksBuildPhase section */
		D13727A82817E5D900A64C70 /* Frameworks */ = {
			isa = PBXFrameworksBuildPhase;
			buildActionMask = 2147483647;
			files = (
				CEEF4ABB281B286E00B11E3B /* Subsonic in Frameworks */,
			);
			runOnlyForDeploymentPostprocessing = 0;
		};
/* End PBXFrameworksBuildPhase section */

/* Begin PBXGroup section */
		CEAFB5C3281B4EC1002BCD4D /* timer */ = {
			isa = PBXGroup;
			children = (
				CEAFB5C6281B4FDD002BCD4D /* gameStart.mp3 */,
			);
			path = timer;
			sourceTree = "<group>";
		};
		CEEF4AA4281AE5C900B11E3B /* sounds */ = {
			isa = PBXGroup;
			children = (
				CEAFB5C3281B4EC1002BCD4D /* timer */,
				CEEF4AAA281B109700B11E3B /* music */,
				CEEF4AA9281B108A00B11E3B /* beer */,
			);
			path = sounds;
			sourceTree = "<group>";
		};
		CEEF4AA9281B108A00B11E3B /* beer */ = {
			isa = PBXGroup;
			children = (
				CEAFB5BE281B4BA4002BCD4D /* bestPouring.mp3 */,
				CEAFB5CA281B58C8002BCD4D /* pouringOut.mp3 */,
				CEAFB5BD281B4BA4002BCD4D /* bubbles.mp3 */,
				CEAFB5C8281B569B002BCD4D /* beerMiss.mp3 */,
				CEAFB5BF281B4BA4002BCD4D /* bulb.mp3 */,
			);
			path = beer;
			sourceTree = "<group>";
		};
		CEEF4AAA281B109700B11E3B /* music */ = {
			isa = PBXGroup;
			children = (
				CEEF4ABC281B2FB500B11E3B /* running45s.mp3 */,
			);
			path = music;
			sourceTree = "<group>";
		};
		D13727A22817E5D900A64C70 = {
			isa = PBXGroup;
			children = (
				D13727AD2817E5D900A64C70 /* Impact */,
				D13727AC2817E5D900A64C70 /* Products */,
			);
			sourceTree = "<group>";
		};
		D13727AC2817E5D900A64C70 /* Products */ = {
			isa = PBXGroup;
			children = (
				D13727AB2817E5D900A64C70 /* Beer-o-Meter.app */,
			);
			name = Products;
			sourceTree = "<group>";
		};
		D13727AD2817E5D900A64C70 /* Impact */ = {
			isa = PBXGroup;
			children = (
				CEEF4AA4281AE5C900B11E3B /* sounds */,
				D188578E2819690E00F9588D /* SoloGame.swift */,
				D13727B02817E5D900A64C70 /* DuoGame.swift */,
				CEEF4A9C281AC34100B11E3B /* InfoPageRus.swift */,
				CEEF4AA0281AC35B00B11E3B /* ImpactApp.swift */,
				CEEF4AA2281AC36D00B11E3B /* WebView.swift */,
				CEEF4A9E281AC35300B11E3B /* InfoPage.swift */,
				D18A61522818220D00A4233D /* StartPage.swift */,
				D13727B22817E5DB00A64C70 /* Assets.xcassets */,
				D13727B42817E5DB00A64C70 /* Preview Content */,
				D18A6150281821DA00A4233D /* Launch Screen.storyboard */,
			);
			path = Impact;
			sourceTree = "<group>";
		};
		D13727B42817E5DB00A64C70 /* Preview Content */ = {
			isa = PBXGroup;
			children = (
				D13727B52817E5DB00A64C70 /* Preview Assets.xcassets */,
			);
			path = "Preview Content";
			sourceTree = "<group>";
		};
/* End PBXGroup section */

/* Begin PBXNativeTarget section */
		D13727AA2817E5D900A64C70 /* Impact-development */ = {
			isa = PBXNativeTarget;
			buildConfigurationList = D13727B92817E5DB00A64C70 /* Build configuration list for PBXNativeTarget "Impact-development" */;
			buildPhases = (
				D13727A72817E5D900A64C70 /* Sources */,
				D13727A82817E5D900A64C70 /* Frameworks */,
				D13727A92817E5D900A64C70 /* Resources */,
			);
			buildRules = (
			);
			dependencies = (
			);
			name = "Impact-development";
			packageProductDependencies = (
				CEEF4ABA281B286E00B11E3B /* Subsonic */,
			);
			productName = Impact;
			productReference = D13727AB2817E5D900A64C70 /* Beer-o-Meter.app */;
			productType = "com.apple.product-type.application";
		};
/* End PBXNativeTarget section */

/* Begin PBXProject section */
		D13727A32817E5D900A64C70 /* Project object */ = {
			isa = PBXProject;
			attributes = {
				BuildIndependentTargetsInParallel = 1;
				LastSwiftUpdateCheck = 1330;
				LastUpgradeCheck = 1330;
				ORGANIZATIONNAME = Taqtile;
				TargetAttributes = {
					D13727AA2817E5D900A64C70 = {
						CreatedOnToolsVersion = 13.3;
					};
				};
			};
			buildConfigurationList = D13727A62817E5D900A64C70 /* Build configuration list for PBXProject "Impact-development" */;
			compatibilityVersion = "Xcode 13.0";
			developmentRegion = en;
			hasScannedForEncodings = 0;
			knownRegions = (
				en,
				Base,
			);
			mainGroup = D13727A22817E5D900A64C70;
			packageReferences = (
				CEEF4AB9281B286E00B11E3B /* XCRemoteSwiftPackageReference "Subsonic" */,
			);
			productRefGroup = D13727AC2817E5D900A64C70 /* Products */;
			projectDirPath = "";
			projectRoot = "";
			targets = (
				D13727AA2817E5D900A64C70 /* Impact-development */,
			);
		};
/* End PBXProject section */

/* Begin PBXResourcesBuildPhase section */
		D13727A92817E5D900A64C70 /* Resources */ = {
			isa = PBXResourcesBuildPhase;
			buildActionMask = 2147483647;
			files = (
				CEAFB5CB281B58C8002BCD4D /* pouringOut.mp3 in Resources */,
				D18A6151281821DA00A4233D /* Launch Screen.storyboard in Resources */,
				CEAFB5C1281B4BA4002BCD4D /* bestPouring.mp3 in Resources */,
				CEAFB5C2281B4BA4002BCD4D /* bulb.mp3 in Resources */,
				CEAFB5C7281B4FDD002BCD4D /* gameStart.mp3 in Resources */,
				D13727B62817E5DB00A64C70 /* Preview Assets.xcassets in Resources */,
				D13727B32817E5DB00A64C70 /* Assets.xcassets in Resources */,
				CEAFB5C0281B4BA4002BCD4D /* bubbles.mp3 in Resources */,
				CEAFB5C9281B569B002BCD4D /* beerMiss.mp3 in Resources */,
				CEEF4ABD281B2FB500B11E3B /* running45s.mp3 in Resources */,
			);
			runOnlyForDeploymentPostprocessing = 0;
		};
/* End PBXResourcesBuildPhase section */

/* Begin PBXSourcesBuildPhase section */
		D13727A72817E5D900A64C70 /* Sources */ = {
			isa = PBXSourcesBuildPhase;
			buildActionMask = 2147483647;
			files = (
				D188578F2819690E00F9588D /* SoloGame.swift in Sources */,
				D13727B12817E5D900A64C70 /* DuoGame.swift in Sources */,
				CEEF4A9F281AC35300B11E3B /* InfoPage.swift in Sources */,
				CEEF4AA1281AC35B00B11E3B /* ImpactApp.swift in Sources */,
				D18A61532818220D00A4233D /* StartPage.swift in Sources */,
				CEEF4A9D281AC34100B11E3B /* InfoPageRus.swift in Sources */,
				CEEF4AA3281AC36D00B11E3B /* WebView.swift in Sources */,
			);
			runOnlyForDeploymentPostprocessing = 0;
		};
/* End PBXSourcesBuildPhase section */

/* Begin XCBuildConfiguration section */
		D13727B72817E5DB00A64C70 /* Debug */ = {
			isa = XCBuildConfiguration;
			buildSettings = {
				ALWAYS_SEARCH_USER_PATHS = NO;
				CLANG_ANALYZER_NONNULL = YES;
				CLANG_ANALYZER_NUMBER_OBJECT_CONVERSION = YES_AGGRESSIVE;
				CLANG_CXX_LANGUAGE_STANDARD = "gnu++17";
				CLANG_ENABLE_MODULES = YES;
				CLANG_ENABLE_OBJC_ARC = YES;
				CLANG_ENABLE_OBJC_WEAK = YES;
				CLANG_WARN_BLOCK_CAPTURE_AUTORELEASING = YES;
				CLANG_WARN_BOOL_CONVERSION = YES;
				CLANG_WARN_COMMA = YES;
				CLANG_WARN_CONSTANT_CONVERSION = YES;
				CLANG_WARN_DEPRECATED_OBJC_IMPLEMENTATIONS = YES;
				CLANG_WARN_DIRECT_OBJC_ISA_USAGE = YES_ERROR;
				CLANG_WARN_DOCUMENTATION_COMMENTS = YES;
				CLANG_WARN_EMPTY_BODY = YES;
				CLANG_WARN_ENUM_CONVERSION = YES;
				CLANG_WARN_INFINITE_RECURSION = YES;
				CLANG_WARN_INT_CONVERSION = YES;
				CLANG_WARN_NON_LITERAL_NULL_CONVERSION = YES;
				CLANG_WARN_OBJC_IMPLICIT_RETAIN_SELF = YES;
				CLANG_WARN_OBJC_LITERAL_CONVERSION = YES;
				CLANG_WARN_OBJC_ROOT_CLASS = YES_ERROR;
				CLANG_WARN_QUOTED_INCLUDE_IN_FRAMEWORK_HEADER = YES;
				CLANG_WARN_RANGE_LOOP_ANALYSIS = YES;
				CLANG_WARN_STRICT_PROTOTYPES = YES;
				CLANG_WARN_SUSPICIOUS_MOVE = YES;
				CLANG_WARN_UNGUARDED_AVAILABILITY = YES_AGGRESSIVE;
				CLANG_WARN_UNREACHABLE_CODE = YES;
				CLANG_WARN__DUPLICATE_METHOD_MATCH = YES;
				COPY_PHASE_STRIP = NO;
				DEBUG_INFORMATION_FORMAT = dwarf;
				ENABLE_STRICT_OBJC_MSGSEND = YES;
				ENABLE_TESTABILITY = YES;
				GCC_C_LANGUAGE_STANDARD = gnu11;
				GCC_DYNAMIC_NO_PIC = NO;
				GCC_NO_COMMON_BLOCKS = YES;
				GCC_OPTIMIZATION_LEVEL = 0;
				GCC_PREPROCESSOR_DEFINITIONS = (
					"DEBUG=1",
					"$(inherited)",
				);
				GCC_WARN_64_TO_32_BIT_CONVERSION = YES;
				GCC_WARN_ABOUT_RETURN_TYPE = YES_ERROR;
				GCC_WARN_UNDECLARED_SELECTOR = YES;
				GCC_WARN_UNINITIALIZED_AUTOS = YES_AGGRESSIVE;
				GCC_WARN_UNUSED_FUNCTION = YES;
				GCC_WARN_UNUSED_VARIABLE = YES;
				IPHONEOS_DEPLOYMENT_TARGET = 15.4;
				MTL_ENABLE_DEBUG_INFO = INCLUDE_SOURCE;
				MTL_FAST_MATH = YES;
				ONLY_ACTIVE_ARCH = YES;
				SDKROOT = iphoneos;
				SWIFT_ACTIVE_COMPILATION_CONDITIONS = DEBUG;
				SWIFT_OPTIMIZATION_LEVEL = "-Onone";
			};
			name = Debug;
		};
		D13727B82817E5DB00A64C70 /* Release */ = {
			isa = XCBuildConfiguration;
			buildSettings = {
				ALWAYS_SEARCH_USER_PATHS = NO;
				CLANG_ANALYZER_NONNULL = YES;
				CLANG_ANALYZER_NUMBER_OBJECT_CONVERSION = YES_AGGRESSIVE;
				CLANG_CXX_LANGUAGE_STANDARD = "gnu++17";
				CLANG_ENABLE_MODULES = YES;
				CLANG_ENABLE_OBJC_ARC = YES;
				CLANG_ENABLE_OBJC_WEAK = YES;
				CLANG_WARN_BLOCK_CAPTURE_AUTORELEASING = YES;
				CLANG_WARN_BOOL_CONVERSION = YES;
				CLANG_WARN_COMMA = YES;
				CLANG_WARN_CONSTANT_CONVERSION = YES;
				CLANG_WARN_DEPRECATED_OBJC_IMPLEMENTATIONS = YES;
				CLANG_WARN_DIRECT_OBJC_ISA_USAGE = YES_ERROR;
				CLANG_WARN_DOCUMENTATION_COMMENTS = YES;
				CLANG_WARN_EMPTY_BODY = YES;
				CLANG_WARN_ENUM_CONVERSION = YES;
				CLANG_WARN_INFINITE_RECURSION = YES;
				CLANG_WARN_INT_CONVERSION = YES;
				CLANG_WARN_NON_LITERAL_NULL_CONVERSION = YES;
				CLANG_WARN_OBJC_IMPLICIT_RETAIN_SELF = YES;
				CLANG_WARN_OBJC_LITERAL_CONVERSION = YES;
				CLANG_WARN_OBJC_ROOT_CLASS = YES_ERROR;
				CLANG_WARN_QUOTED_INCLUDE_IN_FRAMEWORK_HEADER = YES;
				CLANG_WARN_RANGE_LOOP_ANALYSIS = YES;
				CLANG_WARN_STRICT_PROTOTYPES = YES;
				CLANG_WARN_SUSPICIOUS_MOVE = YES;
				CLANG_WARN_UNGUARDED_AVAILABILITY = YES_AGGRESSIVE;
				CLANG_WARN_UNREACHABLE_CODE = YES;
				CLANG_WARN__DUPLICATE_METHOD_MATCH = YES;
				COPY_PHASE_STRIP = NO;
				DEBUG_INFORMATION_FORMAT = "dwarf-with-dsym";
				ENABLE_NS_ASSERTIONS = NO;
				ENABLE_STRICT_OBJC_MSGSEND = YES;
				GCC_C_LANGUAGE_STANDARD = gnu11;
				GCC_NO_COMMON_BLOCKS = YES;
				GCC_WARN_64_TO_32_BIT_CONVERSION = YES;
				GCC_WARN_ABOUT_RETURN_TYPE = YES_ERROR;
				GCC_WARN_UNDECLARED_SELECTOR = YES;
				GCC_WARN_UNINITIALIZED_AUTOS = YES_AGGRESSIVE;
				GCC_WARN_UNUSED_FUNCTION = YES;
				GCC_WARN_UNUSED_VARIABLE = YES;
				IPHONEOS_DEPLOYMENT_TARGET = 15.4;
				MTL_ENABLE_DEBUG_INFO = NO;
				MTL_FAST_MATH = YES;
				SDKROOT = iphoneos;
				SWIFT_COMPILATION_MODE = wholemodule;
				SWIFT_OPTIMIZATION_LEVEL = "-O";
				VALIDATE_PRODUCT = YES;
			};
			name = Release;
		};
		D13727BA2817E5DB00A64C70 /* Debug */ = {
			isa = XCBuildConfiguration;
			buildSettings = {
				ASSETCATALOG_COMPILER_APPICON_NAME = AppIcon;
				ASSETCATALOG_COMPILER_GLOBAL_ACCENT_COLOR_NAME = AccentColor;
				CODE_SIGN_IDENTITY = "Apple Development";
				CODE_SIGN_STYLE = Automatic;
				CURRENT_PROJECT_VERSION = 1;
				DEVELOPMENT_ASSET_PATHS = "\"Impact/Preview Content\"";
				DEVELOPMENT_TEAM = Y79D66T85X;
				ENABLE_PREVIEWS = YES;
				GENERATE_INFOPLIST_FILE = YES;
				INFOPLIST_KEY_UIApplicationSceneManifest_Generation = YES;
				INFOPLIST_KEY_UIApplicationSupportsIndirectInputEvents = YES;
				INFOPLIST_KEY_UILaunchScreen_Generation = YES;
				INFOPLIST_KEY_UIMainStoryboardFile = "Launch Screen";
				INFOPLIST_KEY_UISupportedInterfaceOrientations = UIInterfaceOrientationPortrait;
				INFOPLIST_KEY_UISupportedInterfaceOrientations_iPad = "UIInterfaceOrientationPortrait UIInterfaceOrientationPortraitUpsideDown UIInterfaceOrientationLandscapeLeft UIInterfaceOrientationLandscapeRight";
				INFOPLIST_KEY_UISupportedInterfaceOrientations_iPhone = "UIInterfaceOrientationPortrait UIInterfaceOrientationLandscapeLeft UIInterfaceOrientationLandscapeRight";
				IPHONEOS_DEPLOYMENT_TARGET = 15.2;
				LD_RUNPATH_SEARCH_PATHS = (
					"$(inherited)",
					"@executable_path/Frameworks",
				);
				MARKETING_VERSION = 0.9.4;
				PRODUCT_BUNDLE_IDENTIFIER = com.healthuapp.beer;
				PRODUCT_NAME = "Beer-o-Meter";
				PROVISIONING_PROFILE_SPECIFIER = "";
				SWIFT_EMIT_LOC_STRINGS = YES;
				SWIFT_VERSION = 5.0;
				TARGETED_DEVICE_FAMILY = "1,2";
			};
			name = Debug;
		};
		D13727BB2817E5DB00A64C70 /* Release */ = {
			isa = XCBuildConfiguration;
			buildSettings = {
				ASSETCATALOG_COMPILER_APPICON_NAME = AppIcon;
				ASSETCATALOG_COMPILER_GLOBAL_ACCENT_COLOR_NAME = AccentColor;
				CODE_SIGN_IDENTITY = "Apple Development";
				CODE_SIGN_STYLE = Automatic;
				CURRENT_PROJECT_VERSION = 1;
				DEVELOPMENT_ASSET_PATHS = "\"Impact/Preview Content\"";
				DEVELOPMENT_TEAM = Y79D66T85X;
				ENABLE_PREVIEWS = YES;
				GENERATE_INFOPLIST_FILE = YES;
				INFOPLIST_KEY_UIApplicationSceneManifest_Generation = YES;
				INFOPLIST_KEY_UIApplicationSupportsIndirectInputEvents = YES;
				INFOPLIST_KEY_UILaunchScreen_Generation = YES;
				INFOPLIST_KEY_UIMainStoryboardFile = "Launch Screen";
				INFOPLIST_KEY_UISupportedInterfaceOrientations = UIInterfaceOrientationPortrait;
				INFOPLIST_KEY_UISupportedInterfaceOrientations_iPad = "UIInterfaceOrientationPortrait UIInterfaceOrientationPortraitUpsideDown UIInterfaceOrientationLandscapeLeft UIInterfaceOrientationLandscapeRight";
				INFOPLIST_KEY_UISupportedInterfaceOrientations_iPhone = "UIInterfaceOrientationPortrait UIInterfaceOrientationLandscapeLeft UIInterfaceOrientationLandscapeRight";
				IPHONEOS_DEPLOYMENT_TARGET = 15.2;
				LD_RUNPATH_SEARCH_PATHS = (
					"$(inherited)",
					"@executable_path/Frameworks",
				);
				MARKETING_VERSION = 0.9.4;
				PRODUCT_BUNDLE_IDENTIFIER = com.healthuapp.beer;
				PRODUCT_NAME = "Beer-o-Meter";
				PROVISIONING_PROFILE_SPECIFIER = "";
				SWIFT_EMIT_LOC_STRINGS = YES;
				SWIFT_VERSION = 5.0;
				TARGETED_DEVICE_FAMILY = "1,2";
			};
			name = Release;
		};
/* End XCBuildConfiguration section */

/* Begin XCConfigurationList section */
		D13727A62817E5D900A64C70 /* Build configuration list for PBXProject "Impact-development" */ = {
			isa = XCConfigurationList;
			buildConfigurations = (
				D13727B72817E5DB00A64C70 /* Debug */,
				D13727B82817E5DB00A64C70 /* Release */,
			);
			defaultConfigurationIsVisible = 0;
			defaultConfigurationName = Release;
		};
		D13727B92817E5DB00A64C70 /* Build configuration list for PBXNativeTarget "Impact-development" */ = {
			isa = XCConfigurationList;
			buildConfigurations = (
				D13727BA2817E5DB00A64C70 /* Debug */,
				D13727BB2817E5DB00A64C70 /* Release */,
			);
			defaultConfigurationIsVisible = 0;
			defaultConfigurationName = Release;
		};
/* End XCConfigurationList section */

/* Begin XCRemoteSwiftPackageReference section */
		CEEF4AB9281B286E00B11E3B /* XCRemoteSwiftPackageReference "Subsonic" */ = {
			isa = XCRemoteSwiftPackageReference;
			repositoryURL = "https://github.com/twostraws/Subsonic";
			requirement = {
				kind = upToNextMajorVersion;
				minimumVersion = 0.2.0;
			};
		};
/* End XCRemoteSwiftPackageReference section */

/* Begin XCSwiftPackageProductDependency section */
		CEEF4ABA281B286E00B11E3B /* Subsonic */ = {
			isa = XCSwiftPackageProductDependency;
			package = CEEF4AB9281B286E00B11E3B /* XCRemoteSwiftPackageReference "Subsonic" */;
			productName = Subsonic;
		};
/* End XCSwiftPackageProductDependency section */
	};
	rootObject = D13727A32817E5D900A64C70 /* Project object */;
}
